
Microsoft Visual Studio Solution File, Format Version 12.00
# Visual Studio Version 17
VisualStudioVersion = 17.9.34728.123
MinimumVisualStudioVersion = 10.0.40219.1
Project("{FAE04EC0-301F-11D3-BF4B-00C04F79EFBC}") = "Datos", "Datos\Datos.csproj", "{F710F52F-71A2-41B2-BB1C-FF6F6C0A5DCC}"
EndProject
Project("{FAE04EC0-301F-11D3-BF4B-00C04F79EFBC}") = "Entidad", "Entidad\Entidad.csproj", "{15682084-E803-496D-AB7D-D9CAD5CFE005}"
EndProject
Project("{FAE04EC0-301F-11D3-BF4B-00C04F79EFBC}") = "Negocio", "Negocio\Negocio.csproj", "{39795C06-3027-48F4-8A2D-024DBA15F124}"
EndProject
Project("{FAE04EC0-301F-11D3-BF4B-00C04F79EFBC}") = "Presentacion", "Presentacion\Presentacion.csproj", "{94998A85-2FB0-4E49-9E3C-66CC49B0D28E}"
EndProject
Global
	GlobalSection(SolutionConfigurationPlatforms) = preSolution
		Debug|Any CPU = Debug|Any CPU
		Release|Any CPU = Release|Any CPU
	EndGlobalSection
	GlobalSection(ProjectConfigurationPlatforms) = postSolution
		{F710F52F-71A2-41B2-BB1C-FF6F6C0A5DCC}.Debug|Any CPU.ActiveCfg = Debug|Any CPU
		{F710F52F-71A2-41B2-BB1C-FF6F6C0A5DCC}.Debug|Any CPU.Build.0 = Debug|Any CPU
		{F710F52F-71A2-41B2-BB1C-FF6F6C0A5DCC}.Release|Any CPU.ActiveCfg = Release|Any CPU
		{F710F52F-71A2-41B2-BB1C-FF6F6C0A5DCC}.Release|Any CPU.Build.0 = Release|Any CPU
		{15682084-E803-496D-AB7D-D9CAD5CFE005}.Debug|Any CPU.ActiveCfg = Debug|Any CPU
		{15682084-E803-496D-AB7D-D9CAD5CFE005}.Debug|Any CPU.Build.0 = Debug|Any CPU
		{15682084-E803-496D-AB7D-D9CAD5CFE005}.Release|Any CPU.ActiveCfg = Release|Any CPU
		{15682084-E803-496D-AB7D-D9CAD5CFE005}.Release|Any CPU.Build.0 = Release|Any CPU
		{39795C06-3027-48F4-8A2D-024DBA15F124}.Debug|Any CPU.ActiveCfg = Debug|Any CPU
		{39795C06-3027-48F4-8A2D-024DBA15F124}.Debug|Any CPU.Build.0 = Debug|Any CPU
		{39795C06-3027-48F4-8A2D-024DBA15F124}.Release|Any CPU.ActiveCfg = Release|Any CPU
		{39795C06-3027-48F4-8A2D-024DBA15F124}.Release|Any CPU.Build.0 = Release|Any CPU
		{94998A85-2FB0-4E49-9E3C-66CC49B0D28E}.Debug|Any CPU.ActiveCfg = Debug|Any CPU
		{94998A85-2FB0-4E49-9E3C-66CC49B0D28E}.Debug|Any CPU.Build.0 = Debug|Any CPU
		{94998A85-2FB0-4E49-9E3C-66CC49B0D28E}.Release|Any CPU.ActiveCfg = Release|Any CPU
		{94998A85-2FB0-4E49-9E3C-66CC49B0D28E}.Release|Any CPU.Build.0 = Release|Any CPU
	EndGlobalSection
	GlobalSection(SolutionProperties) = preSolution
		HideSolutionNode = FALSE
	EndGlobalSection
	GlobalSection(ExtensibilityGlobals) = postSolution
		SolutionGuid = {5CC0226F-7A49-43F8-AB10-EFEC6D722419}
	EndGlobalSection
EndGlobal
